
Microsoft Visual Studio Solution File, Format Version 12.00
# Visual Studio Version 16
VisualStudioVersion = 16.0.30804.86
MinimumVisualStudioVersion = 10.0.40219.1
Project("{FAE04EC0-301F-11D3-BF4B-00C04F79EFBC}") = "StudentManagementTest.Web", "StudentManagementTest.Web\StudentManagementTest.Web.csproj", "{2637874C-745D-4A74-9852-287E6BE77D8A}"
EndProject
Project("{FAE04EC0-301F-11D3-BF4B-00C04F79EFBC}") = "StudentManagementTest.Data", "StudentManagementTest.Data\StudentManagementTest.Data.csproj", "{7A3E4F2B-DCC3-4455-8CF4-352F33069C88}"
EndProject
Project("{FAE04EC0-301F-11D3-BF4B-00C04F79EFBC}") = "StudentManagementTest.Library", "StudentManagementTest.Library\StudentManagementTest.Library.csproj", "{6AB6518C-AFDA-45E8-95C4-AF694599D070}"
EndProject
Global
	GlobalSection(SolutionConfigurationPlatforms) = preSolution
		Debug|Any CPU = Debug|Any CPU
		Release|Any CPU = Release|Any CPU
	EndGlobalSection
	GlobalSection(ProjectConfigurationPlatforms) = postSolution
		{2637874C-745D-4A74-9852-287E6BE77D8A}.Debug|Any CPU.ActiveCfg = Debug|Any CPU
		{2637874C-745D-4A74-9852-287E6BE77D8A}.Debug|Any CPU.Build.0 = Debug|Any CPU
		{2637874C-745D-4A74-9852-287E6BE77D8A}.Release|Any CPU.ActiveCfg = Release|Any CPU
		{2637874C-745D-4A74-9852-287E6BE77D8A}.Release|Any CPU.Build.0 = Release|Any CPU
		{7A3E4F2B-DCC3-4455-8CF4-352F33069C88}.Debug|Any CPU.ActiveCfg = Debug|Any CPU
		{7A3E4F2B-DCC3-4455-8CF4-352F33069C88}.Debug|Any CPU.Build.0 = Debug|Any CPU
		{7A3E4F2B-DCC3-4455-8CF4-352F33069C88}.Release|Any CPU.ActiveCfg = Release|Any CPU
		{7A3E4F2B-DCC3-4455-8CF4-352F33069C88}.Release|Any CPU.Build.0 = Release|Any CPU
		{6AB6518C-AFDA-45E8-95C4-AF694599D070}.Debug|Any CPU.ActiveCfg = Debug|Any CPU
		{6AB6518C-AFDA-45E8-95C4-AF694599D070}.Debug|Any CPU.Build.0 = Debug|Any CPU
		{6AB6518C-AFDA-45E8-95C4-AF694599D070}.Release|Any CPU.ActiveCfg = Release|Any CPU
		{6AB6518C-AFDA-45E8-95C4-AF694599D070}.Release|Any CPU.Build.0 = Release|Any CPU
	EndGlobalSection
	GlobalSection(SolutionProperties) = preSolution
		HideSolutionNode = FALSE
	EndGlobalSection
	GlobalSection(ExtensibilityGlobals) = postSolution
		SolutionGuid = {D2807A3F-BC92-40BB-91F9-021F4554F29E}
	EndGlobalSection
EndGlobal
